// !$*UTF8*$!
{
	archiveVersion = 1;
	classes = {
	};
	objectVersion = 50;
	objects = {

/* Begin PBXBuildFile section */
		9F3ADACE25AFDC78005AA7AD /* PKBodyLabel.swift in Sources */ = {isa = PBXBuildFile; fileRef = 9F3ADACD25AFDC78005AA7AD /* PKBodyLabel.swift */; };
		9F3ADAD125AFDD03005AA7AD /* PKButton.swift in Sources */ = {isa = PBXBuildFile; fileRef = 9F3ADAD025AFDD03005AA7AD /* PKButton.swift */; };
		9F3ADAD425AFDE7F005AA7AD /* UIVewController+Ext.swift in Sources */ = {isa = PBXBuildFile; fileRef = 9F3ADAD325AFDE7F005AA7AD /* UIVewController+Ext.swift */; };
		9F3ADAD725AFDEDF005AA7AD /* CardListVC.swift in Sources */ = {isa = PBXBuildFile; fileRef = 9F3ADAD625AFDEDF005AA7AD /* CardListVC.swift */; };
		9F3ADADA25AFE068005AA7AD /* PKAlertVC.swift in Sources */ = {isa = PBXBuildFile; fileRef = 9F3ADAD925AFE068005AA7AD /* PKAlertVC.swift */; };
		9F4C12FA25AFD7A300E4C7F0 /* NetworkManager.swift in Sources */ = {isa = PBXBuildFile; fileRef = 9F4C12F925AFD7A300E4C7F0 /* NetworkManager.swift */; };
		9F89959025AD447D00BBCDB2 /* AppDelegate.swift in Sources */ = {isa = PBXBuildFile; fileRef = 9F89958F25AD447D00BBCDB2 /* AppDelegate.swift */; };
		9F89959225AD447D00BBCDB2 /* SceneDelegate.swift in Sources */ = {isa = PBXBuildFile; fileRef = 9F89959125AD447D00BBCDB2 /* SceneDelegate.swift */; };
		9F89959425AD447D00BBCDB2 /* ViewController.swift in Sources */ = {isa = PBXBuildFile; fileRef = 9F89959325AD447D00BBCDB2 /* ViewController.swift */; };
		9F89959925AD447D00BBCDB2 /* Assets.xcassets in Resources */ = {isa = PBXBuildFile; fileRef = 9F89959825AD447D00BBCDB2 /* Assets.xcassets */; };
		9F89959C25AD447D00BBCDB2 /* LaunchScreen.storyboard in Resources */ = {isa = PBXBuildFile; fileRef = 9F89959A25AD447D00BBCDB2 /* LaunchScreen.storyboard */; };
		9F8995A725AD463100BBCDB2 /* CardSearchVC.swift in Sources */ = {isa = PBXBuildFile; fileRef = 9F8995A625AD463100BBCDB2 /* CardSearchVC.swift */; };
		9F8995AA25AD465000BBCDB2 /* DeckListVC.swift in Sources */ = {isa = PBXBuildFile; fileRef = 9F8995A925AD465000BBCDB2 /* DeckListVC.swift */; };
		9F8995AD25AD4A6800BBCDB2 /* PKTitleLabel.swift in Sources */ = {isa = PBXBuildFile; fileRef = 9F8995AC25AD4A6800BBCDB2 /* PKTitleLabel.swift */; };
		9F8995B025AFCEB600BBCDB2 /* PKTextField.swift in Sources */ = {isa = PBXBuildFile; fileRef = 9F8995AF25AFCEB600BBCDB2 /* PKTextField.swift */; };
/* End PBXBuildFile section */

/* Begin PBXFileReference section */
		9F3ADACD25AFDC78005AA7AD /* PKBodyLabel.swift */ = {isa = PBXFileReference; lastKnownFileType = sourcecode.swift; path = PKBodyLabel.swift; sourceTree = "<group>"; };
		9F3ADAD025AFDD03005AA7AD /* PKButton.swift */ = {isa = PBXFileReference; lastKnownFileType = sourcecode.swift; path = PKButton.swift; sourceTree = "<group>"; };
		9F3ADAD325AFDE7F005AA7AD /* UIVewController+Ext.swift */ = {isa = PBXFileReference; lastKnownFileType = sourcecode.swift; path = "UIVewController+Ext.swift"; sourceTree = "<group>"; };
		9F3ADAD625AFDEDF005AA7AD /* CardListVC.swift */ = {isa = PBXFileReference; lastKnownFileType = sourcecode.swift; path = CardListVC.swift; sourceTree = "<group>"; };
		9F3ADAD925AFE068005AA7AD /* PKAlertVC.swift */ = {isa = PBXFileReference; lastKnownFileType = sourcecode.swift; path = PKAlertVC.swift; sourceTree = "<group>"; };
		9F4C12F925AFD7A300E4C7F0 /* NetworkManager.swift */ = {isa = PBXFileReference; lastKnownFileType = sourcecode.swift; path = NetworkManager.swift; sourceTree = "<group>"; };
		9F89958C25AD447D00BBCDB2 /* Poke Decks.app */ = {isa = PBXFileReference; explicitFileType = wrapper.application; includeInIndex = 0; path = "Poke Decks.app"; sourceTree = BUILT_PRODUCTS_DIR; };
		9F89958F25AD447D00BBCDB2 /* AppDelegate.swift */ = {isa = PBXFileReference; lastKnownFileType = sourcecode.swift; path = AppDelegate.swift; sourceTree = "<group>"; };
		9F89959125AD447D00BBCDB2 /* SceneDelegate.swift */ = {isa = PBXFileReference; lastKnownFileType = sourcecode.swift; path = SceneDelegate.swift; sourceTree = "<group>"; };
		9F89959325AD447D00BBCDB2 /* ViewController.swift */ = {isa = PBXFileReference; lastKnownFileType = sourcecode.swift; path = ViewController.swift; sourceTree = "<group>"; };
		9F89959825AD447D00BBCDB2 /* Assets.xcassets */ = {isa = PBXFileReference; lastKnownFileType = folder.assetcatalog; path = Assets.xcassets; sourceTree = "<group>"; };
		9F89959B25AD447D00BBCDB2 /* Base */ = {isa = PBXFileReference; lastKnownFileType = file.storyboard; name = Base; path = Base.lproj/LaunchScreen.storyboard; sourceTree = "<group>"; };
		9F89959D25AD447D00BBCDB2 /* Info.plist */ = {isa = PBXFileReference; lastKnownFileType = text.plist.xml; path = Info.plist; sourceTree = "<group>"; };
		9F8995A625AD463100BBCDB2 /* CardSearchVC.swift */ = {isa = PBXFileReference; lastKnownFileType = sourcecode.swift; path = CardSearchVC.swift; sourceTree = "<group>"; };
		9F8995A925AD465000BBCDB2 /* DeckListVC.swift */ = {isa = PBXFileReference; lastKnownFileType = sourcecode.swift; path = DeckListVC.swift; sourceTree = "<group>"; };
		9F8995AC25AD4A6800BBCDB2 /* PKTitleLabel.swift */ = {isa = PBXFileReference; lastKnownFileType = sourcecode.swift; path = PKTitleLabel.swift; sourceTree = "<group>"; };
		9F8995AF25AFCEB600BBCDB2 /* PKTextField.swift */ = {isa = PBXFileReference; lastKnownFileType = sourcecode.swift; path = PKTextField.swift; sourceTree = "<group>"; };
/* End PBXFileReference section */

/* Begin PBXFrameworksBuildPhase section */
		9F89958925AD447C00BBCDB2 /* Frameworks */ = {
			isa = PBXFrameworksBuildPhase;
			buildActionMask = 2147483647;
			files = (
			);
			runOnlyForDeploymentPostprocessing = 0;
		};
/* End PBXFrameworksBuildPhase section */

/* Begin PBXGroup section */
		9F89958325AD447C00BBCDB2 = {
			isa = PBXGroup;
			children = (
				9F89958E25AD447D00BBCDB2 /* Poke Decks */,
				9F89958D25AD447D00BBCDB2 /* Products */,
			);
			sourceTree = "<group>";
		};
		9F89958D25AD447D00BBCDB2 /* Products */ = {
			isa = PBXGroup;
			children = (
				9F89958C25AD447D00BBCDB2 /* Poke Decks.app */,
			);
			name = Products;
			sourceTree = "<group>";
		};
		9F89958E25AD447D00BBCDB2 /* Poke Decks */ = {
			isa = PBXGroup;
			children = (
				9F89958F25AD447D00BBCDB2 /* AppDelegate.swift */,
				9F89959125AD447D00BBCDB2 /* SceneDelegate.swift */,
				9F8995AC25AD4A6800BBCDB2 /* PKTitleLabel.swift */,
				9F8995AF25AFCEB600BBCDB2 /* PKTextField.swift */,
				9F4C12F925AFD7A300E4C7F0 /* NetworkManager.swift */,
				9F3ADACD25AFDC78005AA7AD /* PKBodyLabel.swift */,
				9F3ADAD025AFDD03005AA7AD /* PKButton.swift */,
				9F8995A925AD465000BBCDB2 /* DeckListVC.swift */,
				9F8995A625AD463100BBCDB2 /* CardSearchVC.swift */,
				9F3ADAD625AFDEDF005AA7AD /* CardListVC.swift */,
				9F3ADAD325AFDE7F005AA7AD /* UIVewController+Ext.swift */,
				9F3ADAD925AFE068005AA7AD /* PKAlertVC.swift */,
				9F89959325AD447D00BBCDB2 /* ViewController.swift */,
				9F89959825AD447D00BBCDB2 /* Assets.xcassets */,
				9F89959A25AD447D00BBCDB2 /* LaunchScreen.storyboard */,
				9F89959D25AD447D00BBCDB2 /* Info.plist */,
			);
			path = "Poke Decks";
			sourceTree = "<group>";
		};
/* End PBXGroup section */

/* Begin PBXNativeTarget section */
		9F89958B25AD447C00BBCDB2 /* Poke Decks */ = {
			isa = PBXNativeTarget;
			buildConfigurationList = 9F8995A025AD447D00BBCDB2 /* Build configuration list for PBXNativeTarget "Poke Decks" */;
			buildPhases = (
				9F89958825AD447C00BBCDB2 /* Sources */,
				9F89958925AD447C00BBCDB2 /* Frameworks */,
				9F89958A25AD447C00BBCDB2 /* Resources */,
			);
			buildRules = (
			);
			dependencies = (
			);
			name = "Poke Decks";
			productName = "Poke Decks";
			productReference = 9F89958C25AD447D00BBCDB2 /* Poke Decks.app */;
			productType = "com.apple.product-type.application";
		};
/* End PBXNativeTarget section */

/* Begin PBXProject section */
		9F89958425AD447C00BBCDB2 /* Project object */ = {
			isa = PBXProject;
			attributes = {
				LastSwiftUpdateCheck = 1230;
				LastUpgradeCheck = 1230;
				TargetAttributes = {
					9F89958B25AD447C00BBCDB2 = {
						CreatedOnToolsVersion = 12.3;
					};
				};
			};
			buildConfigurationList = 9F89958725AD447C00BBCDB2 /* Build configuration list for PBXProject "Poke Decks" */;
			compatibilityVersion = "Xcode 9.3";
			developmentRegion = en;
			hasScannedForEncodings = 0;
			knownRegions = (
				en,
				Base,
			);
			mainGroup = 9F89958325AD447C00BBCDB2;
			productRefGroup = 9F89958D25AD447D00BBCDB2 /* Products */;
			projectDirPath = "";
			projectRoot = "";
			targets = (
				9F89958B25AD447C00BBCDB2 /* Poke Decks */,
			);
		};
/* End PBXProject section */

/* Begin PBXResourcesBuildPhase section */
		9F89958A25AD447C00BBCDB2 /* Resources */ = {
			isa = PBXResourcesBuildPhase;
			buildActionMask = 2147483647;
			files = (
				9F89959C25AD447D00BBCDB2 /* LaunchScreen.storyboard in Resources */,
				9F89959925AD447D00BBCDB2 /* Assets.xcassets in Resources */,
			);
			runOnlyForDeploymentPostprocessing = 0;
		};
/* End PBXResourcesBuildPhase section */

/* Begin PBXSourcesBuildPhase section */
		9F89958825AD447C00BBCDB2 /* Sources */ = {
			isa = PBXSourcesBuildPhase;
			buildActionMask = 2147483647;
			files = (
				9F89959425AD447D00BBCDB2 /* ViewController.swift in Sources */,
				9F8995AA25AD465000BBCDB2 /* DeckListVC.swift in Sources */,
				9F3ADAD725AFDEDF005AA7AD /* CardListVC.swift in Sources */,
				9F8995AD25AD4A6800BBCDB2 /* PKTitleLabel.swift in Sources */,
				9F3ADACE25AFDC78005AA7AD /* PKBodyLabel.swift in Sources */,
				9F89959025AD447D00BBCDB2 /* AppDelegate.swift in Sources */,
				9F3ADAD425AFDE7F005AA7AD /* UIVewController+Ext.swift in Sources */,
				9F4C12FA25AFD7A300E4C7F0 /* NetworkManager.swift in Sources */,
				9F3ADAD125AFDD03005AA7AD /* PKButton.swift in Sources */,
				9F3ADADA25AFE068005AA7AD /* PKAlertVC.swift in Sources */,
				9F8995A725AD463100BBCDB2 /* CardSearchVC.swift in Sources */,
				9F89959225AD447D00BBCDB2 /* SceneDelegate.swift in Sources */,
				9F8995B025AFCEB600BBCDB2 /* PKTextField.swift in Sources */,
			);
			runOnlyForDeploymentPostprocessing = 0;
		};
/* End PBXSourcesBuildPhase section */

/* Begin PBXVariantGroup section */
		9F89959A25AD447D00BBCDB2 /* LaunchScreen.storyboard */ = {
			isa = PBXVariantGroup;
			children = (
				9F89959B25AD447D00BBCDB2 /* Base */,
			);
			name = LaunchScreen.storyboard;
			sourceTree = "<group>";
		};
/* End PBXVariantGroup section */

/* Begin XCBuildConfiguration section */
		9F89959E25AD447D00BBCDB2 /* Debug */ = {
			isa = XCBuildConfiguration;
			buildSettings = {
				ALWAYS_SEARCH_USER_PATHS = NO;
				CLANG_ANALYZER_NONNULL = YES;
				CLANG_ANALYZER_NUMBER_OBJECT_CONVERSION = YES_AGGRESSIVE;
				CLANG_CXX_LANGUAGE_STANDARD = "gnu++14";
				CLANG_CXX_LIBRARY = "libc++";
				CLANG_ENABLE_MODULES = YES;
				CLANG_ENABLE_OBJC_ARC = YES;
				CLANG_ENABLE_OBJC_WEAK = YES;
				CLANG_WARN_BLOCK_CAPTURE_AUTORELEASING = YES;
				CLANG_WARN_BOOL_CONVERSION = YES;
				CLANG_WARN_COMMA = YES;
				CLANG_WARN_CONSTANT_CONVERSION = YES;
				CLANG_WARN_DEPRECATED_OBJC_IMPLEMENTATIONS = YES;
				CLANG_WARN_DIRECT_OBJC_ISA_USAGE = YES_ERROR;
				CLANG_WARN_DOCUMENTATION_COMMENTS = YES;
				CLANG_WARN_EMPTY_BODY = YES;
				CLANG_WARN_ENUM_CONVERSION = YES;
				CLANG_WARN_INFINITE_RECURSION = YES;
				CLANG_WARN_INT_CONVERSION = YES;
				CLANG_WARN_NON_LITERAL_NULL_CONVERSION = YES;
				CLANG_WARN_OBJC_IMPLICIT_RETAIN_SELF = YES;
				CLANG_WARN_OBJC_LITERAL_CONVERSION = YES;
				CLANG_WARN_OBJC_ROOT_CLASS = YES_ERROR;
				CLANG_WARN_QUOTED_INCLUDE_IN_FRAMEWORK_HEADER = YES;
				CLANG_WARN_RANGE_LOOP_ANALYSIS = YES;
				CLANG_WARN_STRICT_PROTOTYPES = YES;
				CLANG_WARN_SUSPICIOUS_MOVE = YES;
				CLANG_WARN_UNGUARDED_AVAILABILITY = YES_AGGRESSIVE;
				CLANG_WARN_UNREACHABLE_CODE = YES;
				CLANG_WARN__DUPLICATE_METHOD_MATCH = YES;
				COPY_PHASE_STRIP = NO;
				DEBUG_INFORMATION_FORMAT = dwarf;
				ENABLE_STRICT_OBJC_MSGSEND = YES;
				ENABLE_TESTABILITY = YES;
				GCC_C_LANGUAGE_STANDARD = gnu11;
				GCC_DYNAMIC_NO_PIC = NO;
				GCC_NO_COMMON_BLOCKS = YES;
				GCC_OPTIMIZATION_LEVEL = 0;
				GCC_PREPROCESSOR_DEFINITIONS = (
					"DEBUG=1",
					"$(inherited)",
				);
				GCC_WARN_64_TO_32_BIT_CONVERSION = YES;
				GCC_WARN_ABOUT_RETURN_TYPE = YES_ERROR;
				GCC_WARN_UNDECLARED_SELECTOR = YES;
				GCC_WARN_UNINITIALIZED_AUTOS = YES_AGGRESSIVE;
				GCC_WARN_UNUSED_FUNCTION = YES;
				GCC_WARN_UNUSED_VARIABLE = YES;
				IPHONEOS_DEPLOYMENT_TARGET = 14.3;
				MTL_ENABLE_DEBUG_INFO = INCLUDE_SOURCE;
				MTL_FAST_MATH = YES;
				ONLY_ACTIVE_ARCH = YES;
				SDKROOT = iphoneos;
				SWIFT_ACTIVE_COMPILATION_CONDITIONS = DEBUG;
				SWIFT_OPTIMIZATION_LEVEL = "-Onone";
			};
			name = Debug;
		};
		9F89959F25AD447D00BBCDB2 /* Release */ = {
			isa = XCBuildConfiguration;
			buildSettings = {
				ALWAYS_SEARCH_USER_PATHS = NO;
				CLANG_ANALYZER_NONNULL = YES;
				CLANG_ANALYZER_NUMBER_OBJECT_CONVERSION = YES_AGGRESSIVE;
				CLANG_CXX_LANGUAGE_STANDARD = "gnu++14";
				CLANG_CXX_LIBRARY = "libc++";
				CLANG_ENABLE_MODULES = YES;
				CLANG_ENABLE_OBJC_ARC = YES;
				CLANG_ENABLE_OBJC_WEAK = YES;
				CLANG_WARN_BLOCK_CAPTURE_AUTORELEASING = YES;
				CLANG_WARN_BOOL_CONVERSION = YES;
				CLANG_WARN_COMMA = YES;
				CLANG_WARN_CONSTANT_CONVERSION = YES;
				CLANG_WARN_DEPRECATED_OBJC_IMPLEMENTATIONS = YES;
				CLANG_WARN_DIRECT_OBJC_ISA_USAGE = YES_ERROR;
				CLANG_WARN_DOCUMENTATION_COMMENTS = YES;
				CLANG_WARN_EMPTY_BODY = YES;
				CLANG_WARN_ENUM_CONVERSION = YES;
				CLANG_WARN_INFINITE_RECURSION = YES;
				CLANG_WARN_INT_CONVERSION = YES;
				CLANG_WARN_NON_LITERAL_NULL_CONVERSION = YES;
				CLANG_WARN_OBJC_IMPLICIT_RETAIN_SELF = YES;
				CLANG_WARN_OBJC_LITERAL_CONVERSION = YES;
				CLANG_WARN_OBJC_ROOT_CLASS = YES_ERROR;
				CLANG_WARN_QUOTED_INCLUDE_IN_FRAMEWORK_HEADER = YES;
				CLANG_WARN_RANGE_LOOP_ANALYSIS = YES;
				CLANG_WARN_STRICT_PROTOTYPES = YES;
				CLANG_WARN_SUSPICIOUS_MOVE = YES;
				CLANG_WARN_UNGUARDED_AVAILABILITY = YES_AGGRESSIVE;
				CLANG_WARN_UNREACHABLE_CODE = YES;
				CLANG_WARN__DUPLICATE_METHOD_MATCH = YES;
				COPY_PHASE_STRIP = NO;
				DEBUG_INFORMATION_FORMAT = "dwarf-with-dsym";
				ENABLE_NS_ASSERTIONS = NO;
				ENABLE_STRICT_OBJC_MSGSEND = YES;
				GCC_C_LANGUAGE_STANDARD = gnu11;
				GCC_NO_COMMON_BLOCKS = YES;
				GCC_WARN_64_TO_32_BIT_CONVERSION = YES;
				GCC_WARN_ABOUT_RETURN_TYPE = YES_ERROR;
				GCC_WARN_UNDECLARED_SELECTOR = YES;
				GCC_WARN_UNINITIALIZED_AUTOS = YES_AGGRESSIVE;
				GCC_WARN_UNUSED_FUNCTION = YES;
				GCC_WARN_UNUSED_VARIABLE = YES;
				IPHONEOS_DEPLOYMENT_TARGET = 14.3;
				MTL_ENABLE_DEBUG_INFO = NO;
				MTL_FAST_MATH = YES;
				SDKROOT = iphoneos;
				SWIFT_COMPILATION_MODE = wholemodule;
				SWIFT_OPTIMIZATION_LEVEL = "-O";
				VALIDATE_PRODUCT = YES;
			};
			name = Release;
		};
		9F8995A125AD447D00BBCDB2 /* Debug */ = {
			isa = XCBuildConfiguration;
			buildSettings = {
				ASSETCATALOG_COMPILER_APPICON_NAME = AppIcon;
				ASSETCATALOG_COMPILER_GLOBAL_ACCENT_COLOR_NAME = AccentColor;
				CODE_SIGN_STYLE = Automatic;
				DEVELOPMENT_TEAM = 8TUF73A8Z9;
				INFOPLIST_FILE = "Poke Decks/Info.plist";
				LD_RUNPATH_SEARCH_PATHS = (
					"$(inherited)",
					"@executable_path/Frameworks",
				);
				PRODUCT_BUNDLE_IDENTIFIER = "com.tranceaerospace.Poke-Decks";
				PRODUCT_NAME = "$(TARGET_NAME)";
				SWIFT_VERSION = 5.0;
				TARGETED_DEVICE_FAMILY = "1,2";
			};
			name = Debug;
		};
		9F8995A225AD447D00BBCDB2 /* Release */ = {
			isa = XCBuildConfiguration;
			buildSettings = {
				ASSETCATALOG_COMPILER_APPICON_NAME = AppIcon;
				ASSETCATALOG_COMPILER_GLOBAL_ACCENT_COLOR_NAME = AccentColor;
				CODE_SIGN_STYLE = Automatic;
				DEVELOPMENT_TEAM = 8TUF73A8Z9;
				INFOPLIST_FILE = "Poke Decks/Info.plist";
				LD_RUNPATH_SEARCH_PATHS = (
					"$(inherited)",
					"@executable_path/Frameworks",
				);
				PRODUCT_BUNDLE_IDENTIFIER = "com.tranceaerospace.Poke-Decks";
				PRODUCT_NAME = "$(TARGET_NAME)";
				SWIFT_VERSION = 5.0;
				TARGETED_DEVICE_FAMILY = "1,2";
			};
			name = Release;
		};
/* End XCBuildConfiguration section */

/* Begin XCConfigurationList section */
		9F89958725AD447C00BBCDB2 /* Build configuration list for PBXProject "Poke Decks" */ = {
			isa = XCConfigurationList;
			buildConfigurations = (
				9F89959E25AD447D00BBCDB2 /* Debug */,
				9F89959F25AD447D00BBCDB2 /* Release */,
			);
			defaultConfigurationIsVisible = 0;
			defaultConfigurationName = Release;
		};
		9F8995A025AD447D00BBCDB2 /* Build configuration list for PBXNativeTarget "Poke Decks" */ = {
			isa = XCConfigurationList;
			buildConfigurations = (
				9F8995A125AD447D00BBCDB2 /* Debug */,
				9F8995A225AD447D00BBCDB2 /* Release */,
			);
			defaultConfigurationIsVisible = 0;
			defaultConfigurationName = Release;
		};
/* End XCConfigurationList section */
	};
	rootObject = 9F89958425AD447C00BBCDB2 /* Project object */;
}
